
Microsoft Visual Studio Solution File, Format Version 12.00
# Visual Studio 2012
Project("{8BC9CEB8-8B4A-11D0-8D11-00A0C91BC942}") = "Graph", "Graph.vcxproj", "{D372B238-9F39-463A-8E0C-73340300D6EE}"
EndProject
Global
	GlobalSection(SolutionConfigurationPlatforms) = preSolution
		Debug|Win32 = Debug|Win32
		Release|Win32 = Release|Win32
	EndGlobalSection
	GlobalSection(ProjectConfigurationPlatforms) = postSolution
		{D372B238-9F39-463A-8E0C-73340300D6EE}.Debug|Win32.ActiveCfg = Debug|Win32
		{D372B238-9F39-463A-8E0C-73340300D6EE}.Debug|Win32.Build.0 = Debug|Win32
		{D372B238-9F39-463A-8E0C-73340300D6EE}.Release|Win32.ActiveCfg = Release|Win32
		{D372B238-9F39-463A-8E0C-73340300D6EE}.Release|Win32.Build.0 = Release|Win32
	EndGlobalSection
	GlobalSection(SolutionProperties) = preSolution
		HideSolutionNode = FALSE
	EndGlobalSection
EndGlobal
